{
    "name": "stv-voting-campaign-platform-move",
    "version": "1.0.0",
    "lockfileVersion": 2,
    "requires": true,
    "packages": {
      "": {
        "name": "stv-voting-campaign-platform-move",
        "version": "1.0.0",
        "description": "Plataforma de votação STV e gerenciamento de financiamento de campanhas utilizando Move e Solidity",
        "dependencies": {
          "@libra/campaign-finance": {
            "version": "^1.0.0",
            "resolved": "https://registry.npmjs.org/@libra/campaign-finance/-/campaign-finance-1.0.0.tgz",
            "integrity": "sha512-SAMPLEHASH=="
          },
          "@libra/move": {
            "version": "^1.2.0",
            "resolved": "https://registry.npmjs.org/@libra/move/-/move-1.2.0.tgz",
            "integrity": "sha512-SAMPLEHASH=="
          },
          "@libra/move-prover": {
            "version": "^0.5.0",
            "resolved": "https://registry.npmjs.org/@libra/move-prover/-/move-prover-0.5.0.tgz",
            "integrity": "sha512-SAMPLEHASH=="
          },
          "@libra/zk-proofs": {
            "version": "^1.0.0",
            "resolved": "https://registry.npmjs.org/@libra/zk-proofs/-/zk-proofs-1.0.0.tgz",
            "integrity": "sha512-SAMPLEHASH=="
          },
          "@libra/stv-mechanism": {
            "version": "^1.0.0",
            "resolved": "https://registry.npmjs.org/@libra/stv-mechanism/-/stv-mechanism-1.0.0.tgz",
            "integrity": "sha512-SAMPLEHASH=="
          },
          "moment": {
            "version": "^2.29.1",
            "resolved": "https://registry.npmjs.org/moment/-/moment-2.29.1.tgz",
            "integrity": "sha512-SAMPLEHASH=="
          }
        },
        "devDependencies": {
          "jest": {
            "version": "^27.0.0",
            "resolved": "https://registry.npmjs.org/jest/-/jest-27.0.0.tgz",
            "integrity": "sha512-SAMPLEHASH=="
          },
          "jest-html-reporters": {
            "version": "^3.0.0",
            "resolved": "https://registry.npmjs.org/jest-html-reporters/-/jest-html-reporters-3.0.0.tgz",
            "integrity": "sha512-SAMPLEHASH=="
          }
        }
      }
    }
  }